// !$*UTF8*$!
{
	archiveVersion = 1;
	classes = {
	};
	objectVersion = 56;
	objects = {

/* Begin PBXBuildFile section */
		BDC4C3802BFECF2B0029127E /* Card_Optimizer_AppApp.swift in Sources */ = {isa = PBXBuildFile; fileRef = BDC4C37F2BFECF2B0029127E /* Card_Optimizer_AppApp.swift */; };
		BDC4C3822BFECF2B0029127E /* ContentView.swift in Sources */ = {isa = PBXBuildFile; fileRef = BDC4C3812BFECF2B0029127E /* ContentView.swift */; };
		BDC4C3842BFECF2C0029127E /* Assets.xcassets in Resources */ = {isa = PBXBuildFile; fileRef = BDC4C3832BFECF2C0029127E /* Assets.xcassets */; };
		BDC4C3872BFECF2C0029127E /* Preview Assets.xcassets in Resources */ = {isa = PBXBuildFile; fileRef = BDC4C3862BFECF2C0029127E /* Preview Assets.xcassets */; };
		BDC4C3922BFECF2D0029127E /* Card_Optimizer_AppTests.swift in Sources */ = {isa = PBXBuildFile; fileRef = BDC4C3912BFECF2D0029127E /* Card_Optimizer_AppTests.swift */; };
		BDC4C39C2BFECF2D0029127E /* Card_Optimizer_AppUITests.swift in Sources */ = {isa = PBXBuildFile; fileRef = BDC4C39B2BFECF2D0029127E /* Card_Optimizer_AppUITests.swift */; };
		BDC4C39E2BFECF2D0029127E /* Card_Optimizer_AppUITestsLaunchTests.swift in Sources */ = {isa = PBXBuildFile; fileRef = BDC4C39D2BFECF2D0029127E /* Card_Optimizer_AppUITestsLaunchTests.swift */; };
/* End PBXBuildFile section */

/* Begin PBXContainerItemProxy section */
		BDC4C38E2BFECF2D0029127E /* PBXContainerItemProxy */ = {
			isa = PBXContainerItemProxy;
			containerPortal = BDC4C3742BFECF2B0029127E /* Project object */;
			proxyType = 1;
			remoteGlobalIDString = BDC4C37B2BFECF2B0029127E;
			remoteInfo = "Card Optimizer App";
		};
		BDC4C3982BFECF2D0029127E /* PBXContainerItemProxy */ = {
			isa = PBXContainerItemProxy;
			containerPortal = BDC4C3742BFECF2B0029127E /* Project object */;
			proxyType = 1;
			remoteGlobalIDString = BDC4C37B2BFECF2B0029127E;
			remoteInfo = "Card Optimizer App";
		};
/* End PBXContainerItemProxy section */

/* Begin PBXFileReference section */
		BDC4C37C2BFECF2B0029127E /* Card Optimizer App.app */ = {isa = PBXFileReference; explicitFileType = wrapper.application; includeInIndex = 0; path = "Card Optimizer App.app"; sourceTree = BUILT_PRODUCTS_DIR; };
		BDC4C37F2BFECF2B0029127E /* Card_Optimizer_AppApp.swift */ = {isa = PBXFileReference; lastKnownFileType = sourcecode.swift; path = Card_Optimizer_AppApp.swift; sourceTree = "<group>"; };
		BDC4C3812BFECF2B0029127E /* ContentView.swift */ = {isa = PBXFileReference; lastKnownFileType = sourcecode.swift; path = ContentView.swift; sourceTree = "<group>"; };
		BDC4C3832BFECF2C0029127E /* Assets.xcassets */ = {isa = PBXFileReference; lastKnownFileType = folder.assetcatalog; path = Assets.xcassets; sourceTree = "<group>"; };
		BDC4C3862BFECF2C0029127E /* Preview Assets.xcassets */ = {isa = PBXFileReference; lastKnownFileType = folder.assetcatalog; path = "Preview Assets.xcassets"; sourceTree = "<group>"; };
		BDC4C3882BFECF2C0029127E /* Card_Optimizer_App.entitlements */ = {isa = PBXFileReference; lastKnownFileType = text.plist.entitlements; path = Card_Optimizer_App.entitlements; sourceTree = "<group>"; };
		BDC4C38D2BFECF2D0029127E /* Card Optimizer AppTests.xctest */ = {isa = PBXFileReference; explicitFileType = wrapper.cfbundle; includeInIndex = 0; path = "Card Optimizer AppTests.xctest"; sourceTree = BUILT_PRODUCTS_DIR; };
		BDC4C3912BFECF2D0029127E /* Card_Optimizer_AppTests.swift */ = {isa = PBXFileReference; lastKnownFileType = sourcecode.swift; path = Card_Optimizer_AppTests.swift; sourceTree = "<group>"; };
		BDC4C3972BFECF2D0029127E /* Card Optimizer AppUITests.xctest */ = {isa = PBXFileReference; explicitFileType = wrapper.cfbundle; includeInIndex = 0; path = "Card Optimizer AppUITests.xctest"; sourceTree = BUILT_PRODUCTS_DIR; };
		BDC4C39B2BFECF2D0029127E /* Card_Optimizer_AppUITests.swift */ = {isa = PBXFileReference; lastKnownFileType = sourcecode.swift; path = Card_Optimizer_AppUITests.swift; sourceTree = "<group>"; };
		BDC4C39D2BFECF2D0029127E /* Card_Optimizer_AppUITestsLaunchTests.swift */ = {isa = PBXFileReference; lastKnownFileType = sourcecode.swift; path = Card_Optimizer_AppUITestsLaunchTests.swift; sourceTree = "<group>"; };
/* End PBXFileReference section */

/* Begin PBXFrameworksBuildPhase section */
		BDC4C3792BFECF2B0029127E /* Frameworks */ = {
			isa = PBXFrameworksBuildPhase;
			buildActionMask = 2147483647;
			files = (
			);
			runOnlyForDeploymentPostprocessing = 0;
		};
		BDC4C38A2BFECF2D0029127E /* Frameworks */ = {
			isa = PBXFrameworksBuildPhase;
			buildActionMask = 2147483647;
			files = (
			);
			runOnlyForDeploymentPostprocessing = 0;
		};
		BDC4C3942BFECF2D0029127E /* Frameworks */ = {
			isa = PBXFrameworksBuildPhase;
			buildActionMask = 2147483647;
			files = (
			);
			runOnlyForDeploymentPostprocessing = 0;
		};
/* End PBXFrameworksBuildPhase section */

/* Begin PBXGroup section */
		BDC4C3732BFECF2B0029127E = {
			isa = PBXGroup;
			children = (
				BDC4C37E2BFECF2B0029127E /* Card Optimizer App */,
				BDC4C3902BFECF2D0029127E /* Card Optimizer AppTests */,
				BDC4C39A2BFECF2D0029127E /* Card Optimizer AppUITests */,
				BDC4C37D2BFECF2B0029127E /* Products */,
			);
			sourceTree = "<group>";
		};
		BDC4C37D2BFECF2B0029127E /* Products */ = {
			isa = PBXGroup;
			children = (
				BDC4C37C2BFECF2B0029127E /* Card Optimizer App.app */,
				BDC4C38D2BFECF2D0029127E /* Card Optimizer AppTests.xctest */,
				BDC4C3972BFECF2D0029127E /* Card Optimizer AppUITests.xctest */,
			);
			name = Products;
			sourceTree = "<group>";
		};
		BDC4C37E2BFECF2B0029127E /* Card Optimizer App */ = {
			isa = PBXGroup;
			children = (
				BDC4C37F2BFECF2B0029127E /* Card_Optimizer_AppApp.swift */,
				BDC4C3812BFECF2B0029127E /* ContentView.swift */,
				BDC4C3832BFECF2C0029127E /* Assets.xcassets */,
				BDC4C3882BFECF2C0029127E /* Card_Optimizer_App.entitlements */,
				BDC4C3852BFECF2C0029127E /* Preview Content */,
			);
			path = "Card Optimizer App";
			sourceTree = "<group>";
		};
		BDC4C3852BFECF2C0029127E /* Preview Content */ = {
			isa = PBXGroup;
			children = (
				BDC4C3862BFECF2C0029127E /* Preview Assets.xcassets */,
			);
			path = "Preview Content";
			sourceTree = "<group>";
		};
		BDC4C3902BFECF2D0029127E /* Card Optimizer AppTests */ = {
			isa = PBXGroup;
			children = (
				BDC4C3912BFECF2D0029127E /* Card_Optimizer_AppTests.swift */,
			);
			path = "Card Optimizer AppTests";
			sourceTree = "<group>";
		};
		BDC4C39A2BFECF2D0029127E /* Card Optimizer AppUITests */ = {
			isa = PBXGroup;
			children = (
				BDC4C39B2BFECF2D0029127E /* Card_Optimizer_AppUITests.swift */,
				BDC4C39D2BFECF2D0029127E /* Card_Optimizer_AppUITestsLaunchTests.swift */,
			);
			path = "Card Optimizer AppUITests";
			sourceTree = "<group>";
		};
/* End PBXGroup section */

/* Begin PBXNativeTarget section */
		BDC4C37B2BFECF2B0029127E /* Card Optimizer App */ = {
			isa = PBXNativeTarget;
			buildConfigurationList = BDC4C3A12BFECF2D0029127E /* Build configuration list for PBXNativeTarget "Card Optimizer App" */;
			buildPhases = (
				BDC4C3782BFECF2B0029127E /* Sources */,
				BDC4C3792BFECF2B0029127E /* Frameworks */,
				BDC4C37A2BFECF2B0029127E /* Resources */,
			);
			buildRules = (
			);
			dependencies = (
			);
			name = "Card Optimizer App";
			productName = "Card Optimizer App";
			productReference = BDC4C37C2BFECF2B0029127E /* Card Optimizer App.app */;
			productType = "com.apple.product-type.application";
		};
		BDC4C38C2BFECF2D0029127E /* Card Optimizer AppTests */ = {
			isa = PBXNativeTarget;
			buildConfigurationList = BDC4C3A42BFECF2D0029127E /* Build configuration list for PBXNativeTarget "Card Optimizer AppTests" */;
			buildPhases = (
				BDC4C3892BFECF2D0029127E /* Sources */,
				BDC4C38A2BFECF2D0029127E /* Frameworks */,
				BDC4C38B2BFECF2D0029127E /* Resources */,
			);
			buildRules = (
			);
			dependencies = (
				BDC4C38F2BFECF2D0029127E /* PBXTargetDependency */,
			);
			name = "Card Optimizer AppTests";
			productName = "Card Optimizer AppTests";
			productReference = BDC4C38D2BFECF2D0029127E /* Card Optimizer AppTests.xctest */;
			productType = "com.apple.product-type.bundle.unit-test";
		};
		BDC4C3962BFECF2D0029127E /* Card Optimizer AppUITests */ = {
			isa = PBXNativeTarget;
			buildConfigurationList = BDC4C3A72BFECF2D0029127E /* Build configuration list for PBXNativeTarget "Card Optimizer AppUITests" */;
			buildPhases = (
				BDC4C3932BFECF2D0029127E /* Sources */,
				BDC4C3942BFECF2D0029127E /* Frameworks */,
				BDC4C3952BFECF2D0029127E /* Resources */,
			);
			buildRules = (
			);
			dependencies = (
				BDC4C3992BFECF2D0029127E /* PBXTargetDependency */,
			);
			name = "Card Optimizer AppUITests";
			productName = "Card Optimizer AppUITests";
			productReference = BDC4C3972BFECF2D0029127E /* Card Optimizer AppUITests.xctest */;
			productType = "com.apple.product-type.bundle.ui-testing";
		};
/* End PBXNativeTarget section */

/* Begin PBXProject section */
		BDC4C3742BFECF2B0029127E /* Project object */ = {
			isa = PBXProject;
			attributes = {
				BuildIndependentTargetsInParallel = 1;
				LastSwiftUpdateCheck = 1540;
				LastUpgradeCheck = 1540;
				TargetAttributes = {
					BDC4C37B2BFECF2B0029127E = {
						CreatedOnToolsVersion = 15.4;
					};
					BDC4C38C2BFECF2D0029127E = {
						CreatedOnToolsVersion = 15.4;
						TestTargetID = BDC4C37B2BFECF2B0029127E;
					};
					BDC4C3962BFECF2D0029127E = {
						CreatedOnToolsVersion = 15.4;
						TestTargetID = BDC4C37B2BFECF2B0029127E;
					};
				};
			};
			buildConfigurationList = BDC4C3772BFECF2B0029127E /* Build configuration list for PBXProject "Card Optimizer App" */;
			compatibilityVersion = "Xcode 14.0";
			developmentRegion = en;
			hasScannedForEncodings = 0;
			knownRegions = (
				en,
				Base,
			);
			mainGroup = BDC4C3732BFECF2B0029127E;
			productRefGroup = BDC4C37D2BFECF2B0029127E /* Products */;
			projectDirPath = "";
			projectRoot = "";
			targets = (
				BDC4C37B2BFECF2B0029127E /* Card Optimizer App */,
				BDC4C38C2BFECF2D0029127E /* Card Optimizer AppTests */,
				BDC4C3962BFECF2D0029127E /* Card Optimizer AppUITests */,
			);
		};
/* End PBXProject section */

/* Begin PBXResourcesBuildPhase section */
		BDC4C37A2BFECF2B0029127E /* Resources */ = {
			isa = PBXResourcesBuildPhase;
			buildActionMask = 2147483647;
			files = (
				BDC4C3872BFECF2C0029127E /* Preview Assets.xcassets in Resources */,
				BDC4C3842BFECF2C0029127E /* Assets.xcassets in Resources */,
			);
			runOnlyForDeploymentPostprocessing = 0;
		};
		BDC4C38B2BFECF2D0029127E /* Resources */ = {
			isa = PBXResourcesBuildPhase;
			buildActionMask = 2147483647;
			files = (
			);
			runOnlyForDeploymentPostprocessing = 0;
		};
		BDC4C3952BFECF2D0029127E /* Resources */ = {
			isa = PBXResourcesBuildPhase;
			buildActionMask = 2147483647;
			files = (
			);
			runOnlyForDeploymentPostprocessing = 0;
		};
/* End PBXResourcesBuildPhase section */

/* Begin PBXSourcesBuildPhase section */
		BDC4C3782BFECF2B0029127E /* Sources */ = {
			isa = PBXSourcesBuildPhase;
			buildActionMask = 2147483647;
			files = (
				BDC4C3822BFECF2B0029127E /* ContentView.swift in Sources */,
				BDC4C3802BFECF2B0029127E /* Card_Optimizer_AppApp.swift in Sources */,
			);
			runOnlyForDeploymentPostprocessing = 0;
		};
		BDC4C3892BFECF2D0029127E /* Sources */ = {
			isa = PBXSourcesBuildPhase;
			buildActionMask = 2147483647;
			files = (
				BDC4C3922BFECF2D0029127E /* Card_Optimizer_AppTests.swift in Sources */,
			);
			runOnlyForDeploymentPostprocessing = 0;
		};
		BDC4C3932BFECF2D0029127E /* Sources */ = {
			isa = PBXSourcesBuildPhase;
			buildActionMask = 2147483647;
			files = (
				BDC4C39E2BFECF2D0029127E /* Card_Optimizer_AppUITestsLaunchTests.swift in Sources */,
				BDC4C39C2BFECF2D0029127E /* Card_Optimizer_AppUITests.swift in Sources */,
			);
			runOnlyForDeploymentPostprocessing = 0;
		};
/* End PBXSourcesBuildPhase section */

/* Begin PBXTargetDependency section */
		BDC4C38F2BFECF2D0029127E /* PBXTargetDependency */ = {
			isa = PBXTargetDependency;
			target = BDC4C37B2BFECF2B0029127E /* Card Optimizer App */;
			targetProxy = BDC4C38E2BFECF2D0029127E /* PBXContainerItemProxy */;
		};
		BDC4C3992BFECF2D0029127E /* PBXTargetDependency */ = {
			isa = PBXTargetDependency;
			target = BDC4C37B2BFECF2B0029127E /* Card Optimizer App */;
			targetProxy = BDC4C3982BFECF2D0029127E /* PBXContainerItemProxy */;
		};
/* End PBXTargetDependency section */

/* Begin XCBuildConfiguration section */
		BDC4C39F2BFECF2D0029127E /* Debug */ = {
			isa = XCBuildConfiguration;
			buildSettings = {
				ALWAYS_SEARCH_USER_PATHS = NO;
				ASSETCATALOG_COMPILER_GENERATE_SWIFT_ASSET_SYMBOL_EXTENSIONS = YES;
				CLANG_ANALYZER_NONNULL = YES;
				CLANG_ANALYZER_NUMBER_OBJECT_CONVERSION = YES_AGGRESSIVE;
				CLANG_CXX_LANGUAGE_STANDARD = "gnu++20";
				CLANG_ENABLE_MODULES = YES;
				CLANG_ENABLE_OBJC_ARC = YES;
				CLANG_ENABLE_OBJC_WEAK = YES;
				CLANG_WARN_BLOCK_CAPTURE_AUTORELEASING = YES;
				CLANG_WARN_BOOL_CONVERSION = YES;
				CLANG_WARN_COMMA = YES;
				CLANG_WARN_CONSTANT_CONVERSION = YES;
				CLANG_WARN_DEPRECATED_OBJC_IMPLEMENTATIONS = YES;
				CLANG_WARN_DIRECT_OBJC_ISA_USAGE = YES_ERROR;
				CLANG_WARN_DOCUMENTATION_COMMENTS = YES;
				CLANG_WARN_EMPTY_BODY = YES;
				CLANG_WARN_ENUM_CONVERSION = YES;
				CLANG_WARN_INFINITE_RECURSION = YES;
				CLANG_WARN_INT_CONVERSION = YES;
				CLANG_WARN_NON_LITERAL_NULL_CONVERSION = YES;
				CLANG_WARN_OBJC_IMPLICIT_RETAIN_SELF = YES;
				CLANG_WARN_OBJC_LITERAL_CONVERSION = YES;
				CLANG_WARN_OBJC_ROOT_CLASS = YES_ERROR;
				CLANG_WARN_QUOTED_INCLUDE_IN_FRAMEWORK_HEADER = YES;
				CLANG_WARN_RANGE_LOOP_ANALYSIS = YES;
				CLANG_WARN_STRICT_PROTOTYPES = YES;
				CLANG_WARN_SUSPICIOUS_MOVE = YES;
				CLANG_WARN_UNGUARDED_AVAILABILITY = YES_AGGRESSIVE;
				CLANG_WARN_UNREACHABLE_CODE = YES;
				CLANG_WARN__DUPLICATE_METHOD_MATCH = YES;
				COPY_PHASE_STRIP = NO;
				DEBUG_INFORMATION_FORMAT = dwarf;
				ENABLE_STRICT_OBJC_MSGSEND = YES;
				ENABLE_TESTABILITY = YES;
				ENABLE_USER_SCRIPT_SANDBOXING = YES;
				GCC_C_LANGUAGE_STANDARD = gnu17;
				GCC_DYNAMIC_NO_PIC = NO;
				GCC_NO_COMMON_BLOCKS = YES;
				GCC_OPTIMIZATION_LEVEL = 0;
				GCC_PREPROCESSOR_DEFINITIONS = (
					"DEBUG=1",
					"$(inherited)",
				);
				GCC_WARN_64_TO_32_BIT_CONVERSION = YES;
				GCC_WARN_ABOUT_RETURN_TYPE = YES_ERROR;
				GCC_WARN_UNDECLARED_SELECTOR = YES;
				GCC_WARN_UNINITIALIZED_AUTOS = YES_AGGRESSIVE;
				GCC_WARN_UNUSED_FUNCTION = YES;
				GCC_WARN_UNUSED_VARIABLE = YES;
				LOCALIZATION_PREFERS_STRING_CATALOGS = YES;
				MACOSX_DEPLOYMENT_TARGET = 14.5;
				MTL_ENABLE_DEBUG_INFO = INCLUDE_SOURCE;
				MTL_FAST_MATH = YES;
				ONLY_ACTIVE_ARCH = YES;
				SDKROOT = macosx;
				SWIFT_ACTIVE_COMPILATION_CONDITIONS = "DEBUG $(inherited)";
				SWIFT_OPTIMIZATION_LEVEL = "-Onone";
			};
			name = Debug;
		};
		BDC4C3A02BFECF2D0029127E /* Release */ = {
			isa = XCBuildConfiguration;
			buildSettings = {
				ALWAYS_SEARCH_USER_PATHS = NO;
				ASSETCATALOG_COMPILER_GENERATE_SWIFT_ASSET_SYMBOL_EXTENSIONS = YES;
				CLANG_ANALYZER_NONNULL = YES;
				CLANG_ANALYZER_NUMBER_OBJECT_CONVERSION = YES_AGGRESSIVE;
				CLANG_CXX_LANGUAGE_STANDARD = "gnu++20";
				CLANG_ENABLE_MODULES = YES;
				CLANG_ENABLE_OBJC_ARC = YES;
				CLANG_ENABLE_OBJC_WEAK = YES;
				CLANG_WARN_BLOCK_CAPTURE_AUTORELEASING = YES;
				CLANG_WARN_BOOL_CONVERSION = YES;
				CLANG_WARN_COMMA = YES;
				CLANG_WARN_CONSTANT_CONVERSION = YES;
				CLANG_WARN_DEPRECATED_OBJC_IMPLEMENTATIONS = YES;
				CLANG_WARN_DIRECT_OBJC_ISA_USAGE = YES_ERROR;
				CLANG_WARN_DOCUMENTATION_COMMENTS = YES;
				CLANG_WARN_EMPTY_BODY = YES;
				CLANG_WARN_ENUM_CONVERSION = YES;
				CLANG_WARN_INFINITE_RECURSION = YES;
				CLANG_WARN_INT_CONVERSION = YES;
				CLANG_WARN_NON_LITERAL_NULL_CONVERSION = YES;
				CLANG_WARN_OBJC_IMPLICIT_RETAIN_SELF = YES;
				CLANG_WARN_OBJC_LITERAL_CONVERSION = YES;
				CLANG_WARN_OBJC_ROOT_CLASS = YES_ERROR;
				CLANG_WARN_QUOTED_INCLUDE_IN_FRAMEWORK_HEADER = YES;
				CLANG_WARN_RANGE_LOOP_ANALYSIS = YES;
				CLANG_WARN_STRICT_PROTOTYPES = YES;
				CLANG_WARN_SUSPICIOUS_MOVE = YES;
				CLANG_WARN_UNGUARDED_AVAILABILITY = YES_AGGRESSIVE;
				CLANG_WARN_UNREACHABLE_CODE = YES;
				CLANG_WARN__DUPLICATE_METHOD_MATCH = YES;
				COPY_PHASE_STRIP = NO;
				DEBUG_INFORMATION_FORMAT = "dwarf-with-dsym";
				ENABLE_NS_ASSERTIONS = NO;
				ENABLE_STRICT_OBJC_MSGSEND = YES;
				ENABLE_USER_SCRIPT_SANDBOXING = YES;
				GCC_C_LANGUAGE_STANDARD = gnu17;
				GCC_NO_COMMON_BLOCKS = YES;
				GCC_WARN_64_TO_32_BIT_CONVERSION = YES;
				GCC_WARN_ABOUT_RETURN_TYPE = YES_ERROR;
				GCC_WARN_UNDECLARED_SELECTOR = YES;
				GCC_WARN_UNINITIALIZED_AUTOS = YES_AGGRESSIVE;
				GCC_WARN_UNUSED_FUNCTION = YES;
				GCC_WARN_UNUSED_VARIABLE = YES;
				LOCALIZATION_PREFERS_STRING_CATALOGS = YES;
				MACOSX_DEPLOYMENT_TARGET = 14.5;
				MTL_ENABLE_DEBUG_INFO = NO;
				MTL_FAST_MATH = YES;
				SDKROOT = macosx;
				SWIFT_COMPILATION_MODE = wholemodule;
			};
			name = Release;
		};
		BDC4C3A22BFECF2D0029127E /* Debug */ = {
			isa = XCBuildConfiguration;
			buildSettings = {
				ASSETCATALOG_COMPILER_APPICON_NAME = AppIcon;
				ASSETCATALOG_COMPILER_GLOBAL_ACCENT_COLOR_NAME = AccentColor;
				CODE_SIGN_ENTITLEMENTS = "Card Optimizer App/Card_Optimizer_App.entitlements";
				CODE_SIGN_STYLE = Automatic;
				COMBINE_HIDPI_IMAGES = YES;
				CURRENT_PROJECT_VERSION = 1;
				DEVELOPMENT_ASSET_PATHS = "\"Card Optimizer App/Preview Content\"";
				ENABLE_PREVIEWS = YES;
				GENERATE_INFOPLIST_FILE = YES;
				INFOPLIST_KEY_NSHumanReadableCopyright = "";
				LD_RUNPATH_SEARCH_PATHS = (
					"$(inherited)",
					"@executable_path/../Frameworks",
				);
				MARKETING_VERSION = 1.0;
				PRODUCT_BUNDLE_IDENTIFIER = "seanhyu.Card-Optimizer-App";
				PRODUCT_NAME = "$(TARGET_NAME)";
				SWIFT_EMIT_LOC_STRINGS = YES;
				SWIFT_VERSION = 5.0;
			};
			name = Debug;
		};
		BDC4C3A32BFECF2D0029127E /* Release */ = {
			isa = XCBuildConfiguration;
			buildSettings = {
				ASSETCATALOG_COMPILER_APPICON_NAME = AppIcon;
				ASSETCATALOG_COMPILER_GLOBAL_ACCENT_COLOR_NAME = AccentColor;
				CODE_SIGN_ENTITLEMENTS = "Card Optimizer App/Card_Optimizer_App.entitlements";
				CODE_SIGN_STYLE = Automatic;
				COMBINE_HIDPI_IMAGES = YES;
				CURRENT_PROJECT_VERSION = 1;
				DEVELOPMENT_ASSET_PATHS = "\"Card Optimizer App/Preview Content\"";
				ENABLE_PREVIEWS = YES;
				GENERATE_INFOPLIST_FILE = YES;
				INFOPLIST_KEY_NSHumanReadableCopyright = "";
				LD_RUNPATH_SEARCH_PATHS = (
					"$(inherited)",
					"@executable_path/../Frameworks",
				);
				MARKETING_VERSION = 1.0;
				PRODUCT_BUNDLE_IDENTIFIER = "seanhyu.Card-Optimizer-App";
				PRODUCT_NAME = "$(TARGET_NAME)";
				SWIFT_EMIT_LOC_STRINGS = YES;
				SWIFT_VERSION = 5.0;
			};
			name = Release;
		};
		BDC4C3A52BFECF2D0029127E /* Debug */ = {
			isa = XCBuildConfiguration;
			buildSettings = {
				ALWAYS_EMBED_SWIFT_STANDARD_LIBRARIES = YES;
				BUNDLE_LOADER = "$(TEST_HOST)";
				CODE_SIGN_STYLE = Automatic;
				CURRENT_PROJECT_VERSION = 1;
				GENERATE_INFOPLIST_FILE = YES;
				MACOSX_DEPLOYMENT_TARGET = 14.5;
				MARKETING_VERSION = 1.0;
				PRODUCT_BUNDLE_IDENTIFIER = "seanhyu.Card-Optimizer-AppTests";
				PRODUCT_NAME = "$(TARGET_NAME)";
				SWIFT_EMIT_LOC_STRINGS = NO;
				SWIFT_VERSION = 5.0;
				TEST_HOST = "$(BUILT_PRODUCTS_DIR)/Card Optimizer App.app/$(BUNDLE_EXECUTABLE_FOLDER_PATH)/Card Optimizer App";
			};
			name = Debug;
		};
		BDC4C3A62BFECF2D0029127E /* Release */ = {
			isa = XCBuildConfiguration;
			buildSettings = {
				ALWAYS_EMBED_SWIFT_STANDARD_LIBRARIES = YES;
				BUNDLE_LOADER = "$(TEST_HOST)";
				CODE_SIGN_STYLE = Automatic;
				CURRENT_PROJECT_VERSION = 1;
				GENERATE_INFOPLIST_FILE = YES;
				MACOSX_DEPLOYMENT_TARGET = 14.5;
				MARKETING_VERSION = 1.0;
				PRODUCT_BUNDLE_IDENTIFIER = "seanhyu.Card-Optimizer-AppTests";
				PRODUCT_NAME = "$(TARGET_NAME)";
				SWIFT_EMIT_LOC_STRINGS = NO;
				SWIFT_VERSION = 5.0;
				TEST_HOST = "$(BUILT_PRODUCTS_DIR)/Card Optimizer App.app/$(BUNDLE_EXECUTABLE_FOLDER_PATH)/Card Optimizer App";
			};
			name = Release;
		};
		BDC4C3A82BFECF2D0029127E /* Debug */ = {
			isa = XCBuildConfiguration;
			buildSettings = {
				ALWAYS_EMBED_SWIFT_STANDARD_LIBRARIES = YES;
				CODE_SIGN_STYLE = Automatic;
				CURRENT_PROJECT_VERSION = 1;
				GENERATE_INFOPLIST_FILE = YES;
				MARKETING_VERSION = 1.0;
				PRODUCT_BUNDLE_IDENTIFIER = "seanhyu.Card-Optimizer-AppUITests";
				PRODUCT_NAME = "$(TARGET_NAME)";
				SWIFT_EMIT_LOC_STRINGS = NO;
				SWIFT_VERSION = 5.0;
				TEST_TARGET_NAME = "Card Optimizer App";
			};
			name = Debug;
		};
		BDC4C3A92BFECF2D0029127E /* Release */ = {
			isa = XCBuildConfiguration;
			buildSettings = {
				ALWAYS_EMBED_SWIFT_STANDARD_LIBRARIES = YES;
				CODE_SIGN_STYLE = Automatic;
				CURRENT_PROJECT_VERSION = 1;
				GENERATE_INFOPLIST_FILE = YES;
				MARKETING_VERSION = 1.0;
				PRODUCT_BUNDLE_IDENTIFIER = "seanhyu.Card-Optimizer-AppUITests";
				PRODUCT_NAME = "$(TARGET_NAME)";
				SWIFT_EMIT_LOC_STRINGS = NO;
				SWIFT_VERSION = 5.0;
				TEST_TARGET_NAME = "Card Optimizer App";
			};
			name = Release;
		};
/* End XCBuildConfiguration section */

/* Begin XCConfigurationList section */
		BDC4C3772BFECF2B0029127E /* Build configuration list for PBXProject "Card Optimizer App" */ = {
			isa = XCConfigurationList;
			buildConfigurations = (
				BDC4C39F2BFECF2D0029127E /* Debug */,
				BDC4C3A02BFECF2D0029127E /* Release */,
			);
			defaultConfigurationIsVisible = 0;
			defaultConfigurationName = Release;
		};
		BDC4C3A12BFECF2D0029127E /* Build configuration list for PBXNativeTarget "Card Optimizer App" */ = {
			isa = XCConfigurationList;
			buildConfigurations = (
				BDC4C3A22BFECF2D0029127E /* Debug */,
				BDC4C3A32BFECF2D0029127E /* Release */,
			);
			defaultConfigurationIsVisible = 0;
			defaultConfigurationName = Release;
		};
		BDC4C3A42BFECF2D0029127E /* Build configuration list for PBXNativeTarget "Card Optimizer AppTests" */ = {
			isa = XCConfigurationList;
			buildConfigurations = (
				BDC4C3A52BFECF2D0029127E /* Debug */,
				BDC4C3A62BFECF2D0029127E /* Release */,
			);
			defaultConfigurationIsVisible = 0;
			defaultConfigurationName = Release;
		};
		BDC4C3A72BFECF2D0029127E /* Build configuration list for PBXNativeTarget "Card Optimizer AppUITests" */ = {
			isa = XCConfigurationList;
			buildConfigurations = (
				BDC4C3A82BFECF2D0029127E /* Debug */,
				BDC4C3A92BFECF2D0029127E /* Release */,
			);
			defaultConfigurationIsVisible = 0;
			defaultConfigurationName = Release;
		};
/* End XCConfigurationList section */
	};
	rootObject = BDC4C3742BFECF2B0029127E /* Project object */;
}
