// !$*UTF8*$!
{
	archiveVersion = 1;
	classes = {
	};
	objectVersion = 56;
	objects = {

/* Begin PBXBuildFile section */
		BD710E5C2C45A7A30080ACFA /* Launch Screen.storyboard in Resources */ = {isa = PBXBuildFile; fileRef = BD710E5B2C45A7A30080ACFA /* Launch Screen.storyboard */; };
		BD710E5E2C45BBE80080ACFA /* CustomCardView.swift in Sources */ = {isa = PBXBuildFile; fileRef = BD710E5D2C45BBE80080ACFA /* CustomCardView.swift */; };
		BD710E602C45C1AB0080ACFA /* CustomCardViewViewModel.swift in Sources */ = {isa = PBXBuildFile; fileRef = BD710E5F2C45C1AB0080ACFA /* CustomCardViewViewModel.swift */; };
		BD911B502BFF9AEE00245B76 /* ProfileView.swift in Sources */ = {isa = PBXBuildFile; fileRef = BD911B4F2BFF9AEE00245B76 /* ProfileView.swift */; };
		BD911B542BFF9B3600245B76 /* NewCardView.swift in Sources */ = {isa = PBXBuildFile; fileRef = BD911B532BFF9B3600245B76 /* NewCardView.swift */; };
		BD911B562BFF9B4E00245B76 /* LoginView.swift in Sources */ = {isa = PBXBuildFile; fileRef = BD911B552BFF9B4E00245B76 /* LoginView.swift */; };
		BD911B582BFF9B6500245B76 /* RegisterView.swift in Sources */ = {isa = PBXBuildFile; fileRef = BD911B572BFF9B6500245B76 /* RegisterView.swift */; };
		BD911B5A2BFF9B9C00245B76 /* CardItemView.swift in Sources */ = {isa = PBXBuildFile; fileRef = BD911B592BFF9B9C00245B76 /* CardItemView.swift */; };
		BD911B5C2BFF9D7D00245B76 /* User.swift in Sources */ = {isa = PBXBuildFile; fileRef = BD911B5B2BFF9D7D00245B76 /* User.swift */; };
		BD911B5E2BFF9D9000245B76 /* Card.swift in Sources */ = {isa = PBXBuildFile; fileRef = BD911B5D2BFF9D9000245B76 /* Card.swift */; };
		BD911B602BFF9DD800245B76 /* MainViewViewModel.swift in Sources */ = {isa = PBXBuildFile; fileRef = BD911B5F2BFF9DD800245B76 /* MainViewViewModel.swift */; };
		BD911B622BFF9E5E00245B76 /* ProfileViewViewModel.swift in Sources */ = {isa = PBXBuildFile; fileRef = BD911B612BFF9E5E00245B76 /* ProfileViewViewModel.swift */; };
		BD911B662BFF9E8900245B76 /* CardListViewViewModel.swift in Sources */ = {isa = PBXBuildFile; fileRef = BD911B652BFF9E8800245B76 /* CardListViewViewModel.swift */; };
		BD911B682BFF9EA200245B76 /* NewCardViewViewModel.swift in Sources */ = {isa = PBXBuildFile; fileRef = BD911B672BFF9EA200245B76 /* NewCardViewViewModel.swift */; };
		BD911B6A2BFF9EAD00245B76 /* LoginViewViewModel.swift in Sources */ = {isa = PBXBuildFile; fileRef = BD911B692BFF9EAD00245B76 /* LoginViewViewModel.swift */; };
		BD911B6C2BFF9EB900245B76 /* RegisterViewViewModel.swift in Sources */ = {isa = PBXBuildFile; fileRef = BD911B6B2BFF9EB900245B76 /* RegisterViewViewModel.swift */; };
		BD911B702BFF9EDC00245B76 /* CardListView.swift in Sources */ = {isa = PBXBuildFile; fileRef = BD911B6F2BFF9EDC00245B76 /* CardListView.swift */; };
		BD911B722BFFABAA00245B76 /* HeaderView.swift in Sources */ = {isa = PBXBuildFile; fileRef = BD911B712BFFABAA00245B76 /* HeaderView.swift */; };
		BD911B742BFFFCE400245B76 /* COButtonView.swift in Sources */ = {isa = PBXBuildFile; fileRef = BD911B732BFFFCE300245B76 /* COButtonView.swift */; };
		BD911B762C0019DA00245B76 /* Extensions.swift in Sources */ = {isa = PBXBuildFile; fileRef = BD911B752C0019DA00245B76 /* Extensions.swift */; };
		BDC4C3802BFECF2B0029127E /* Card_Optimizer_AppApp.swift in Sources */ = {isa = PBXBuildFile; fileRef = BDC4C37F2BFECF2B0029127E /* Card_Optimizer_AppApp.swift */; };
		BDC4C3822BFECF2B0029127E /* MainView.swift in Sources */ = {isa = PBXBuildFile; fileRef = BDC4C3812BFECF2B0029127E /* MainView.swift */; };
		BDC4C3842BFECF2C0029127E /* Assets.xcassets in Resources */ = {isa = PBXBuildFile; fileRef = BDC4C3832BFECF2C0029127E /* Assets.xcassets */; };
		BDC4C3872BFECF2C0029127E /* Preview Assets.xcassets in Resources */ = {isa = PBXBuildFile; fileRef = BDC4C3862BFECF2C0029127E /* Preview Assets.xcassets */; };
		BDC4C3AC2BFED0900029127E /* FirebaseAnalytics in Frameworks */ = {isa = PBXBuildFile; productRef = BDC4C3AB2BFED0900029127E /* FirebaseAnalytics */; };
		BDC4C3AE2BFED0900029127E /* FirebaseAnalyticsOnDeviceConversion in Frameworks */ = {isa = PBXBuildFile; productRef = BDC4C3AD2BFED0900029127E /* FirebaseAnalyticsOnDeviceConversion */; };
		BDC4C3B02BFED0900029127E /* FirebaseAnalyticsSwift in Frameworks */ = {isa = PBXBuildFile; productRef = BDC4C3AF2BFED0900029127E /* FirebaseAnalyticsSwift */; };
		BDC4C3B22BFED0900029127E /* FirebaseAnalyticsWithoutAdIdSupport in Frameworks */ = {isa = PBXBuildFile; productRef = BDC4C3B12BFED0900029127E /* FirebaseAnalyticsWithoutAdIdSupport */; };
		BDC4C3B42BFED0900029127E /* FirebaseAppCheck in Frameworks */ = {isa = PBXBuildFile; productRef = BDC4C3B32BFED0900029127E /* FirebaseAppCheck */; };
		BDC4C3B62BFED56D0029127E /* FirebaseAuth in Frameworks */ = {isa = PBXBuildFile; productRef = BDC4C3B52BFED56D0029127E /* FirebaseAuth */; };
		BDC4C3B82BFED56D0029127E /* FirebaseFirestore in Frameworks */ = {isa = PBXBuildFile; productRef = BDC4C3B72BFED56D0029127E /* FirebaseFirestore */; };
		BDC4C3BA2BFED56D0029127E /* FirebaseFirestoreSwift in Frameworks */ = {isa = PBXBuildFile; productRef = BDC4C3B92BFED56D0029127E /* FirebaseFirestoreSwift */; };
		BDC4C3BC2BFEDA1B0029127E /* GoogleService-Info.plist in Resources */ = {isa = PBXBuildFile; fileRef = BDC4C3BB2BFEDA1B0029127E /* GoogleService-Info.plist */; };
/* End PBXBuildFile section */

/* Begin PBXFileReference section */
		BD710E5B2C45A7A30080ACFA /* Launch Screen.storyboard */ = {isa = PBXFileReference; lastKnownFileType = file.storyboard; path = "Launch Screen.storyboard"; sourceTree = "<group>"; };
		BD710E5D2C45BBE80080ACFA /* CustomCardView.swift */ = {isa = PBXFileReference; lastKnownFileType = sourcecode.swift; path = CustomCardView.swift; sourceTree = "<group>"; };
		BD710E5F2C45C1AB0080ACFA /* CustomCardViewViewModel.swift */ = {isa = PBXFileReference; lastKnownFileType = sourcecode.swift; path = CustomCardViewViewModel.swift; sourceTree = "<group>"; };
		BD911B4F2BFF9AEE00245B76 /* ProfileView.swift */ = {isa = PBXFileReference; lastKnownFileType = sourcecode.swift; path = ProfileView.swift; sourceTree = "<group>"; };
		BD911B532BFF9B3600245B76 /* NewCardView.swift */ = {isa = PBXFileReference; lastKnownFileType = sourcecode.swift; path = NewCardView.swift; sourceTree = "<group>"; };
		BD911B552BFF9B4E00245B76 /* LoginView.swift */ = {isa = PBXFileReference; lastKnownFileType = sourcecode.swift; path = LoginView.swift; sourceTree = "<group>"; };
		BD911B572BFF9B6500245B76 /* RegisterView.swift */ = {isa = PBXFileReference; lastKnownFileType = sourcecode.swift; path = RegisterView.swift; sourceTree = "<group>"; };
		BD911B592BFF9B9C00245B76 /* CardItemView.swift */ = {isa = PBXFileReference; lastKnownFileType = sourcecode.swift; path = CardItemView.swift; sourceTree = "<group>"; };
		BD911B5B2BFF9D7D00245B76 /* User.swift */ = {isa = PBXFileReference; lastKnownFileType = sourcecode.swift; path = User.swift; sourceTree = "<group>"; };
		BD911B5D2BFF9D9000245B76 /* Card.swift */ = {isa = PBXFileReference; lastKnownFileType = sourcecode.swift; path = Card.swift; sourceTree = "<group>"; };
		BD911B5F2BFF9DD800245B76 /* MainViewViewModel.swift */ = {isa = PBXFileReference; lastKnownFileType = sourcecode.swift; path = MainViewViewModel.swift; sourceTree = "<group>"; };
		BD911B612BFF9E5E00245B76 /* ProfileViewViewModel.swift */ = {isa = PBXFileReference; lastKnownFileType = sourcecode.swift; path = ProfileViewViewModel.swift; sourceTree = "<group>"; };
		BD911B652BFF9E8800245B76 /* CardListViewViewModel.swift */ = {isa = PBXFileReference; lastKnownFileType = sourcecode.swift; path = CardListViewViewModel.swift; sourceTree = "<group>"; };
		BD911B672BFF9EA200245B76 /* NewCardViewViewModel.swift */ = {isa = PBXFileReference; lastKnownFileType = sourcecode.swift; path = NewCardViewViewModel.swift; sourceTree = "<group>"; };
		BD911B692BFF9EAD00245B76 /* LoginViewViewModel.swift */ = {isa = PBXFileReference; lastKnownFileType = sourcecode.swift; path = LoginViewViewModel.swift; sourceTree = "<group>"; };
		BD911B6B2BFF9EB900245B76 /* RegisterViewViewModel.swift */ = {isa = PBXFileReference; lastKnownFileType = sourcecode.swift; path = RegisterViewViewModel.swift; sourceTree = "<group>"; };
		BD911B6F2BFF9EDC00245B76 /* CardListView.swift */ = {isa = PBXFileReference; lastKnownFileType = sourcecode.swift; path = CardListView.swift; sourceTree = "<group>"; };
		BD911B712BFFABAA00245B76 /* HeaderView.swift */ = {isa = PBXFileReference; lastKnownFileType = sourcecode.swift; path = HeaderView.swift; sourceTree = "<group>"; };
		BD911B732BFFFCE300245B76 /* COButtonView.swift */ = {isa = PBXFileReference; lastKnownFileType = sourcecode.swift; path = COButtonView.swift; sourceTree = "<group>"; };
		BD911B752C0019DA00245B76 /* Extensions.swift */ = {isa = PBXFileReference; lastKnownFileType = sourcecode.swift; path = Extensions.swift; sourceTree = "<group>"; };
		BDC4C37C2BFECF2B0029127E /* Card Optimizer App.app */ = {isa = PBXFileReference; explicitFileType = wrapper.application; includeInIndex = 0; path = "Card Optimizer App.app"; sourceTree = BUILT_PRODUCTS_DIR; };
		BDC4C37F2BFECF2B0029127E /* Card_Optimizer_AppApp.swift */ = {isa = PBXFileReference; lastKnownFileType = sourcecode.swift; path = Card_Optimizer_AppApp.swift; sourceTree = "<group>"; };
		BDC4C3812BFECF2B0029127E /* MainView.swift */ = {isa = PBXFileReference; lastKnownFileType = sourcecode.swift; path = MainView.swift; sourceTree = "<group>"; };
		BDC4C3832BFECF2C0029127E /* Assets.xcassets */ = {isa = PBXFileReference; lastKnownFileType = folder.assetcatalog; path = Assets.xcassets; sourceTree = "<group>"; };
		BDC4C3862BFECF2C0029127E /* Preview Assets.xcassets */ = {isa = PBXFileReference; lastKnownFileType = folder.assetcatalog; path = "Preview Assets.xcassets"; sourceTree = "<group>"; };
		BDC4C3882BFECF2C0029127E /* Card_Optimizer_App.entitlements */ = {isa = PBXFileReference; lastKnownFileType = text.plist.entitlements; path = Card_Optimizer_App.entitlements; sourceTree = "<group>"; };
		BDC4C3BB2BFEDA1B0029127E /* GoogleService-Info.plist */ = {isa = PBXFileReference; fileEncoding = 4; lastKnownFileType = text.plist.xml; name = "GoogleService-Info.plist"; path = "Card Optimizer App/Other/GoogleService-Info.plist"; sourceTree = SOURCE_ROOT; };
/* End PBXFileReference section */

/* Begin PBXFrameworksBuildPhase section */
		BDC4C3792BFECF2B0029127E /* Frameworks */ = {
			isa = PBXFrameworksBuildPhase;
			buildActionMask = 2147483647;
			files = (
				BDC4C3B02BFED0900029127E /* FirebaseAnalyticsSwift in Frameworks */,
				BDC4C3B62BFED56D0029127E /* FirebaseAuth in Frameworks */,
				BDC4C3AC2BFED0900029127E /* FirebaseAnalytics in Frameworks */,
				BDC4C3AE2BFED0900029127E /* FirebaseAnalyticsOnDeviceConversion in Frameworks */,
				BDC4C3B42BFED0900029127E /* FirebaseAppCheck in Frameworks */,
				BDC4C3B22BFED0900029127E /* FirebaseAnalyticsWithoutAdIdSupport in Frameworks */,
				BDC4C3B82BFED56D0029127E /* FirebaseFirestore in Frameworks */,
				BDC4C3BA2BFED56D0029127E /* FirebaseFirestoreSwift in Frameworks */,
			);
			runOnlyForDeploymentPostprocessing = 0;
		};
/* End PBXFrameworksBuildPhase section */

/* Begin PBXGroup section */
		BDC4C3732BFECF2B0029127E = {
			isa = PBXGroup;
			children = (
				BDC4C37E2BFECF2B0029127E /* Card Optimizer App */,
				BDC4C37D2BFECF2B0029127E /* Products */,
			);
			sourceTree = "<group>";
		};
		BDC4C37D2BFECF2B0029127E /* Products */ = {
			isa = PBXGroup;
			children = (
				BDC4C37C2BFECF2B0029127E /* Card Optimizer App.app */,
			);
			name = Products;
			sourceTree = "<group>";
		};
		BDC4C37E2BFECF2B0029127E /* Card Optimizer App */ = {
			isa = PBXGroup;
			children = (
				BDC4C3852BFECF2C0029127E /* Preview Content */,
				BDC4C3882BFECF2C0029127E /* Card_Optimizer_App.entitlements */,
				BDC4C3C02BFF917C0029127E /* Other */,
				BDC4C3BF2BFF91610029127E /* Models */,
				BDC4C3BE2BFF91510029127E /* ViewModels */,
				BDC4C3BD2BFF91390029127E /* Views */,
			);
			path = "Card Optimizer App";
			sourceTree = "<group>";
		};
		BDC4C3852BFECF2C0029127E /* Preview Content */ = {
			isa = PBXGroup;
			children = (
				BDC4C3862BFECF2C0029127E /* Preview Assets.xcassets */,
			);
			path = "Preview Content";
			sourceTree = "<group>";
		};
		BDC4C3BD2BFF91390029127E /* Views */ = {
			isa = PBXGroup;
			children = (
				BDC4C3812BFECF2B0029127E /* MainView.swift */,
				BD911B4F2BFF9AEE00245B76 /* ProfileView.swift */,
				BD911B532BFF9B3600245B76 /* NewCardView.swift */,
				BD911B552BFF9B4E00245B76 /* LoginView.swift */,
				BD911B572BFF9B6500245B76 /* RegisterView.swift */,
				BD911B592BFF9B9C00245B76 /* CardItemView.swift */,
				BD911B6F2BFF9EDC00245B76 /* CardListView.swift */,
				BD911B712BFFABAA00245B76 /* HeaderView.swift */,
				BD911B732BFFFCE300245B76 /* COButtonView.swift */,
				BD710E5D2C45BBE80080ACFA /* CustomCardView.swift */,
			);
			path = Views;
			sourceTree = "<group>";
		};
		BDC4C3BE2BFF91510029127E /* ViewModels */ = {
			isa = PBXGroup;
			children = (
				BD911B5F2BFF9DD800245B76 /* MainViewViewModel.swift */,
				BD911B612BFF9E5E00245B76 /* ProfileViewViewModel.swift */,
				BD911B652BFF9E8800245B76 /* CardListViewViewModel.swift */,
				BD911B672BFF9EA200245B76 /* NewCardViewViewModel.swift */,
				BD911B692BFF9EAD00245B76 /* LoginViewViewModel.swift */,
				BD911B6B2BFF9EB900245B76 /* RegisterViewViewModel.swift */,
				BD710E5F2C45C1AB0080ACFA /* CustomCardViewViewModel.swift */,
			);
			path = ViewModels;
			sourceTree = "<group>";
		};
		BDC4C3BF2BFF91610029127E /* Models */ = {
			isa = PBXGroup;
			children = (
				BD911B5B2BFF9D7D00245B76 /* User.swift */,
				BD911B5D2BFF9D9000245B76 /* Card.swift */,
			);
			path = Models;
			sourceTree = "<group>";
		};
		BDC4C3C02BFF917C0029127E /* Other */ = {
			isa = PBXGroup;
			children = (
				BDC4C3832BFECF2C0029127E /* Assets.xcassets */,
				BDC4C3BB2BFEDA1B0029127E /* GoogleService-Info.plist */,
				BDC4C37F2BFECF2B0029127E /* Card_Optimizer_AppApp.swift */,
				BD911B752C0019DA00245B76 /* Extensions.swift */,
				BD710E5B2C45A7A30080ACFA /* Launch Screen.storyboard */,
			);
			path = Other;
			sourceTree = "<group>";
		};
/* End PBXGroup section */

/* Begin PBXNativeTarget section */
		BDC4C37B2BFECF2B0029127E /* Card Optimizer App */ = {
			isa = PBXNativeTarget;
			buildConfigurationList = BDC4C3A12BFECF2D0029127E /* Build configuration list for PBXNativeTarget "Card Optimizer App" */;
			buildPhases = (
				BDC4C3782BFECF2B0029127E /* Sources */,
				BDC4C3792BFECF2B0029127E /* Frameworks */,
				BDC4C37A2BFECF2B0029127E /* Resources */,
			);
			buildRules = (
			);
			dependencies = (
			);
			name = "Card Optimizer App";
			packageProductDependencies = (
				BDC4C3AB2BFED0900029127E /* FirebaseAnalytics */,
				BDC4C3AD2BFED0900029127E /* FirebaseAnalyticsOnDeviceConversion */,
				BDC4C3AF2BFED0900029127E /* FirebaseAnalyticsSwift */,
				BDC4C3B12BFED0900029127E /* FirebaseAnalyticsWithoutAdIdSupport */,
				BDC4C3B32BFED0900029127E /* FirebaseAppCheck */,
				BDC4C3B52BFED56D0029127E /* FirebaseAuth */,
				BDC4C3B72BFED56D0029127E /* FirebaseFirestore */,
				BDC4C3B92BFED56D0029127E /* FirebaseFirestoreSwift */,
			);
			productName = "Card Optimizer App";
			productReference = BDC4C37C2BFECF2B0029127E /* Card Optimizer App.app */;
			productType = "com.apple.product-type.application";
		};
/* End PBXNativeTarget section */

/* Begin PBXProject section */
		BDC4C3742BFECF2B0029127E /* Project object */ = {
			isa = PBXProject;
			attributes = {
				BuildIndependentTargetsInParallel = 1;
				LastSwiftUpdateCheck = 1540;
				LastUpgradeCheck = 1540;
				TargetAttributes = {
					BDC4C37B2BFECF2B0029127E = {
						CreatedOnToolsVersion = 15.4;
					};
				};
			};
			buildConfigurationList = BDC4C3772BFECF2B0029127E /* Build configuration list for PBXProject "Card Optimizer App" */;
			compatibilityVersion = "Xcode 14.0";
			developmentRegion = en;
			hasScannedForEncodings = 0;
			knownRegions = (
				en,
				Base,
			);
			mainGroup = BDC4C3732BFECF2B0029127E;
			packageReferences = (
				BDC4C3AA2BFED0900029127E /* XCRemoteSwiftPackageReference "firebase-ios-sdk" */,
			);
			productRefGroup = BDC4C37D2BFECF2B0029127E /* Products */;
			projectDirPath = "";
			projectRoot = "";
			targets = (
				BDC4C37B2BFECF2B0029127E /* Card Optimizer App */,
			);
		};
/* End PBXProject section */

/* Begin PBXResourcesBuildPhase section */
		BDC4C37A2BFECF2B0029127E /* Resources */ = {
			isa = PBXResourcesBuildPhase;
			buildActionMask = 2147483647;
			files = (
				BDC4C3872BFECF2C0029127E /* Preview Assets.xcassets in Resources */,
				BDC4C3842BFECF2C0029127E /* Assets.xcassets in Resources */,
				BD710E5C2C45A7A30080ACFA /* Launch Screen.storyboard in Resources */,
				BDC4C3BC2BFEDA1B0029127E /* GoogleService-Info.plist in Resources */,
			);
			runOnlyForDeploymentPostprocessing = 0;
		};
/* End PBXResourcesBuildPhase section */

/* Begin PBXSourcesBuildPhase section */
		BDC4C3782BFECF2B0029127E /* Sources */ = {
			isa = PBXSourcesBuildPhase;
			buildActionMask = 2147483647;
			files = (
				BD911B562BFF9B4E00245B76 /* LoginView.swift in Sources */,
				BD911B722BFFABAA00245B76 /* HeaderView.swift in Sources */,
				BD911B5A2BFF9B9C00245B76 /* CardItemView.swift in Sources */,
				BD911B6C2BFF9EB900245B76 /* RegisterViewViewModel.swift in Sources */,
				BD911B682BFF9EA200245B76 /* NewCardViewViewModel.swift in Sources */,
				BD911B602BFF9DD800245B76 /* MainViewViewModel.swift in Sources */,
				BD911B662BFF9E8900245B76 /* CardListViewViewModel.swift in Sources */,
				BDC4C3822BFECF2B0029127E /* MainView.swift in Sources */,
				BD710E602C45C1AB0080ACFA /* CustomCardViewViewModel.swift in Sources */,
				BD911B622BFF9E5E00245B76 /* ProfileViewViewModel.swift in Sources */,
				BD710E5E2C45BBE80080ACFA /* CustomCardView.swift in Sources */,
				BD911B582BFF9B6500245B76 /* RegisterView.swift in Sources */,
				BD911B5C2BFF9D7D00245B76 /* User.swift in Sources */,
				BD911B702BFF9EDC00245B76 /* CardListView.swift in Sources */,
				BD911B6A2BFF9EAD00245B76 /* LoginViewViewModel.swift in Sources */,
				BD911B502BFF9AEE00245B76 /* ProfileView.swift in Sources */,
				BD911B762C0019DA00245B76 /* Extensions.swift in Sources */,
				BD911B5E2BFF9D9000245B76 /* Card.swift in Sources */,
				BD911B742BFFFCE400245B76 /* COButtonView.swift in Sources */,
				BDC4C3802BFECF2B0029127E /* Card_Optimizer_AppApp.swift in Sources */,
				BD911B542BFF9B3600245B76 /* NewCardView.swift in Sources */,
			);
			runOnlyForDeploymentPostprocessing = 0;
		};
/* End PBXSourcesBuildPhase section */

/* Begin XCBuildConfiguration section */
		BDC4C39F2BFECF2D0029127E /* Debug */ = {
			isa = XCBuildConfiguration;
			buildSettings = {
				ALWAYS_SEARCH_USER_PATHS = NO;
				ASSETCATALOG_COMPILER_GENERATE_SWIFT_ASSET_SYMBOL_EXTENSIONS = YES;
				CLANG_ANALYZER_NONNULL = YES;
				CLANG_ANALYZER_NUMBER_OBJECT_CONVERSION = YES_AGGRESSIVE;
				CLANG_CXX_LANGUAGE_STANDARD = "gnu++20";
				CLANG_ENABLE_MODULES = YES;
				CLANG_ENABLE_OBJC_ARC = YES;
				CLANG_ENABLE_OBJC_WEAK = YES;
				CLANG_WARN_BLOCK_CAPTURE_AUTORELEASING = YES;
				CLANG_WARN_BOOL_CONVERSION = YES;
				CLANG_WARN_COMMA = YES;
				CLANG_WARN_CONSTANT_CONVERSION = YES;
				CLANG_WARN_DEPRECATED_OBJC_IMPLEMENTATIONS = YES;
				CLANG_WARN_DIRECT_OBJC_ISA_USAGE = YES_ERROR;
				CLANG_WARN_DOCUMENTATION_COMMENTS = YES;
				CLANG_WARN_EMPTY_BODY = YES;
				CLANG_WARN_ENUM_CONVERSION = YES;
				CLANG_WARN_INFINITE_RECURSION = YES;
				CLANG_WARN_INT_CONVERSION = YES;
				CLANG_WARN_NON_LITERAL_NULL_CONVERSION = YES;
				CLANG_WARN_OBJC_IMPLICIT_RETAIN_SELF = YES;
				CLANG_WARN_OBJC_LITERAL_CONVERSION = YES;
				CLANG_WARN_OBJC_ROOT_CLASS = YES_ERROR;
				CLANG_WARN_QUOTED_INCLUDE_IN_FRAMEWORK_HEADER = YES;
				CLANG_WARN_RANGE_LOOP_ANALYSIS = YES;
				CLANG_WARN_STRICT_PROTOTYPES = YES;
				CLANG_WARN_SUSPICIOUS_MOVE = YES;
				CLANG_WARN_UNGUARDED_AVAILABILITY = YES_AGGRESSIVE;
				CLANG_WARN_UNREACHABLE_CODE = YES;
				CLANG_WARN__DUPLICATE_METHOD_MATCH = YES;
				COPY_PHASE_STRIP = NO;
				DEBUG_INFORMATION_FORMAT = dwarf;
				ENABLE_STRICT_OBJC_MSGSEND = YES;
				ENABLE_TESTABILITY = YES;
				ENABLE_USER_SCRIPT_SANDBOXING = YES;
				GCC_C_LANGUAGE_STANDARD = gnu17;
				GCC_DYNAMIC_NO_PIC = NO;
				GCC_NO_COMMON_BLOCKS = YES;
				GCC_OPTIMIZATION_LEVEL = 0;
				GCC_PREPROCESSOR_DEFINITIONS = (
					"DEBUG=1",
					"$(inherited)",
				);
				GCC_WARN_64_TO_32_BIT_CONVERSION = YES;
				GCC_WARN_ABOUT_RETURN_TYPE = YES_ERROR;
				GCC_WARN_UNDECLARED_SELECTOR = YES;
				GCC_WARN_UNINITIALIZED_AUTOS = YES_AGGRESSIVE;
				GCC_WARN_UNUSED_FUNCTION = YES;
				GCC_WARN_UNUSED_VARIABLE = YES;
				LOCALIZATION_PREFERS_STRING_CATALOGS = YES;
				MACOSX_DEPLOYMENT_TARGET = 14.5;
				MTL_ENABLE_DEBUG_INFO = INCLUDE_SOURCE;
				MTL_FAST_MATH = YES;
				ONLY_ACTIVE_ARCH = YES;
				SDKROOT = macosx;
				SWIFT_ACTIVE_COMPILATION_CONDITIONS = "DEBUG $(inherited)";
				SWIFT_OPTIMIZATION_LEVEL = "-Onone";
			};
			name = Debug;
		};
		BDC4C3A02BFECF2D0029127E /* Release */ = {
			isa = XCBuildConfiguration;
			buildSettings = {
				ALWAYS_SEARCH_USER_PATHS = NO;
				ASSETCATALOG_COMPILER_GENERATE_SWIFT_ASSET_SYMBOL_EXTENSIONS = YES;
				CLANG_ANALYZER_NONNULL = YES;
				CLANG_ANALYZER_NUMBER_OBJECT_CONVERSION = YES_AGGRESSIVE;
				CLANG_CXX_LANGUAGE_STANDARD = "gnu++20";
				CLANG_ENABLE_MODULES = YES;
				CLANG_ENABLE_OBJC_ARC = YES;
				CLANG_ENABLE_OBJC_WEAK = YES;
				CLANG_WARN_BLOCK_CAPTURE_AUTORELEASING = YES;
				CLANG_WARN_BOOL_CONVERSION = YES;
				CLANG_WARN_COMMA = YES;
				CLANG_WARN_CONSTANT_CONVERSION = YES;
				CLANG_WARN_DEPRECATED_OBJC_IMPLEMENTATIONS = YES;
				CLANG_WARN_DIRECT_OBJC_ISA_USAGE = YES_ERROR;
				CLANG_WARN_DOCUMENTATION_COMMENTS = YES;
				CLANG_WARN_EMPTY_BODY = YES;
				CLANG_WARN_ENUM_CONVERSION = YES;
				CLANG_WARN_INFINITE_RECURSION = YES;
				CLANG_WARN_INT_CONVERSION = YES;
				CLANG_WARN_NON_LITERAL_NULL_CONVERSION = YES;
				CLANG_WARN_OBJC_IMPLICIT_RETAIN_SELF = YES;
				CLANG_WARN_OBJC_LITERAL_CONVERSION = YES;
				CLANG_WARN_OBJC_ROOT_CLASS = YES_ERROR;
				CLANG_WARN_QUOTED_INCLUDE_IN_FRAMEWORK_HEADER = YES;
				CLANG_WARN_RANGE_LOOP_ANALYSIS = YES;
				CLANG_WARN_STRICT_PROTOTYPES = YES;
				CLANG_WARN_SUSPICIOUS_MOVE = YES;
				CLANG_WARN_UNGUARDED_AVAILABILITY = YES_AGGRESSIVE;
				CLANG_WARN_UNREACHABLE_CODE = YES;
				CLANG_WARN__DUPLICATE_METHOD_MATCH = YES;
				COPY_PHASE_STRIP = NO;
				DEBUG_INFORMATION_FORMAT = "dwarf-with-dsym";
				ENABLE_NS_ASSERTIONS = NO;
				ENABLE_STRICT_OBJC_MSGSEND = YES;
				ENABLE_USER_SCRIPT_SANDBOXING = YES;
				GCC_C_LANGUAGE_STANDARD = gnu17;
				GCC_NO_COMMON_BLOCKS = YES;
				GCC_WARN_64_TO_32_BIT_CONVERSION = YES;
				GCC_WARN_ABOUT_RETURN_TYPE = YES_ERROR;
				GCC_WARN_UNDECLARED_SELECTOR = YES;
				GCC_WARN_UNINITIALIZED_AUTOS = YES_AGGRESSIVE;
				GCC_WARN_UNUSED_FUNCTION = YES;
				GCC_WARN_UNUSED_VARIABLE = YES;
				LOCALIZATION_PREFERS_STRING_CATALOGS = YES;
				MACOSX_DEPLOYMENT_TARGET = 14.5;
				MTL_ENABLE_DEBUG_INFO = NO;
				MTL_FAST_MATH = YES;
				SDKROOT = macosx;
				SWIFT_COMPILATION_MODE = wholemodule;
			};
			name = Release;
		};
		BDC4C3A22BFECF2D0029127E /* Debug */ = {
			isa = XCBuildConfiguration;
			buildSettings = {
				ASSETCATALOG_COMPILER_APPICON_NAME = AppIcon;
				ASSETCATALOG_COMPILER_GLOBAL_ACCENT_COLOR_NAME = AccentColor;
				CODE_SIGN_ENTITLEMENTS = "Card Optimizer App/Card_Optimizer_App.entitlements";
				CODE_SIGN_STYLE = Automatic;
				COMBINE_HIDPI_IMAGES = YES;
				CURRENT_PROJECT_VERSION = 1;
				DEVELOPMENT_ASSET_PATHS = "\"Card Optimizer App/Preview Content\"";
				DEVELOPMENT_TEAM = 4L979UQFJY;
				ENABLE_PREVIEWS = YES;
				GENERATE_INFOPLIST_FILE = YES;
				INFOPLIST_KEY_CFBundleDisplayName = "Card Optimizer";
				INFOPLIST_KEY_NSHumanReadableCopyright = "";
				INFOPLIST_KEY_UILaunchScreen_Generation = YES;
				INFOPLIST_KEY_UILaunchStoryboardName = "Launch Screen.storyboard";
				INFOPLIST_KEY_UISupportedInterfaceOrientations = UIInterfaceOrientationPortrait;
				INFOPLIST_KEY_UISupportedInterfaceOrientations_iPad = UIInterfaceOrientationLandscapeLeft;
				LD_RUNPATH_SEARCH_PATHS = (
					"$(inherited)",
					"@executable_path/../Frameworks",
				);
				MARKETING_VERSION = 1.0;
				PRODUCT_BUNDLE_IDENTIFIER = "seanhyu.Card-Optimizer-App";
				PRODUCT_NAME = "$(TARGET_NAME)";
				SUPPORTED_PLATFORMS = "iphonesimulator iphoneos";
				SUPPORTS_MACCATALYST = NO;
				SWIFT_EMIT_LOC_STRINGS = YES;
				SWIFT_VERSION = 5.0;
				TARGETED_DEVICE_FAMILY = 1;
			};
			name = Debug;
		};
		BDC4C3A32BFECF2D0029127E /* Release */ = {
			isa = XCBuildConfiguration;
			buildSettings = {
				ASSETCATALOG_COMPILER_APPICON_NAME = AppIcon;
				ASSETCATALOG_COMPILER_GLOBAL_ACCENT_COLOR_NAME = AccentColor;
				CODE_SIGN_ENTITLEMENTS = "Card Optimizer App/Card_Optimizer_App.entitlements";
				CODE_SIGN_STYLE = Automatic;
				COMBINE_HIDPI_IMAGES = YES;
				CURRENT_PROJECT_VERSION = 1;
				DEVELOPMENT_ASSET_PATHS = "\"Card Optimizer App/Preview Content\"";
				DEVELOPMENT_TEAM = 4L979UQFJY;
				ENABLE_PREVIEWS = YES;
				GENERATE_INFOPLIST_FILE = YES;
				INFOPLIST_KEY_CFBundleDisplayName = "Card Optimizer";
				INFOPLIST_KEY_NSHumanReadableCopyright = "";
				INFOPLIST_KEY_UILaunchScreen_Generation = YES;
				INFOPLIST_KEY_UILaunchStoryboardName = "Launch Screen.storyboard";
				INFOPLIST_KEY_UISupportedInterfaceOrientations = UIInterfaceOrientationPortrait;
				INFOPLIST_KEY_UISupportedInterfaceOrientations_iPad = UIInterfaceOrientationLandscapeLeft;
				LD_RUNPATH_SEARCH_PATHS = (
					"$(inherited)",
					"@executable_path/../Frameworks",
				);
				MARKETING_VERSION = 1.0;
				PRODUCT_BUNDLE_IDENTIFIER = "seanhyu.Card-Optimizer-App";
				PRODUCT_NAME = "$(TARGET_NAME)";
				SUPPORTED_PLATFORMS = "iphonesimulator iphoneos";
				SUPPORTS_MACCATALYST = NO;
				SWIFT_EMIT_LOC_STRINGS = YES;
				SWIFT_VERSION = 5.0;
				TARGETED_DEVICE_FAMILY = 1;
			};
			name = Release;
		};
/* End XCBuildConfiguration section */

/* Begin XCConfigurationList section */
		BDC4C3772BFECF2B0029127E /* Build configuration list for PBXProject "Card Optimizer App" */ = {
			isa = XCConfigurationList;
			buildConfigurations = (
				BDC4C39F2BFECF2D0029127E /* Debug */,
				BDC4C3A02BFECF2D0029127E /* Release */,
			);
			defaultConfigurationIsVisible = 0;
			defaultConfigurationName = Release;
		};
		BDC4C3A12BFECF2D0029127E /* Build configuration list for PBXNativeTarget "Card Optimizer App" */ = {
			isa = XCConfigurationList;
			buildConfigurations = (
				BDC4C3A22BFECF2D0029127E /* Debug */,
				BDC4C3A32BFECF2D0029127E /* Release */,
			);
			defaultConfigurationIsVisible = 0;
			defaultConfigurationName = Release;
		};
/* End XCConfigurationList section */

/* Begin XCRemoteSwiftPackageReference section */
		BDC4C3AA2BFED0900029127E /* XCRemoteSwiftPackageReference "firebase-ios-sdk" */ = {
			isa = XCRemoteSwiftPackageReference;
			repositoryURL = "https://github.com/firebase/firebase-ios-sdk";
			requirement = {
				kind = upToNextMajorVersion;
				minimumVersion = 10.26.0;
			};
		};
/* End XCRemoteSwiftPackageReference section */

/* Begin XCSwiftPackageProductDependency section */
		BDC4C3AB2BFED0900029127E /* FirebaseAnalytics */ = {
			isa = XCSwiftPackageProductDependency;
			package = BDC4C3AA2BFED0900029127E /* XCRemoteSwiftPackageReference "firebase-ios-sdk" */;
			productName = FirebaseAnalytics;
		};
		BDC4C3AD2BFED0900029127E /* FirebaseAnalyticsOnDeviceConversion */ = {
			isa = XCSwiftPackageProductDependency;
			package = BDC4C3AA2BFED0900029127E /* XCRemoteSwiftPackageReference "firebase-ios-sdk" */;
			productName = FirebaseAnalyticsOnDeviceConversion;
		};
		BDC4C3AF2BFED0900029127E /* FirebaseAnalyticsSwift */ = {
			isa = XCSwiftPackageProductDependency;
			package = BDC4C3AA2BFED0900029127E /* XCRemoteSwiftPackageReference "firebase-ios-sdk" */;
			productName = FirebaseAnalyticsSwift;
		};
		BDC4C3B12BFED0900029127E /* FirebaseAnalyticsWithoutAdIdSupport */ = {
			isa = XCSwiftPackageProductDependency;
			package = BDC4C3AA2BFED0900029127E /* XCRemoteSwiftPackageReference "firebase-ios-sdk" */;
			productName = FirebaseAnalyticsWithoutAdIdSupport;
		};
		BDC4C3B32BFED0900029127E /* FirebaseAppCheck */ = {
			isa = XCSwiftPackageProductDependency;
			package = BDC4C3AA2BFED0900029127E /* XCRemoteSwiftPackageReference "firebase-ios-sdk" */;
			productName = FirebaseAppCheck;
		};
		BDC4C3B52BFED56D0029127E /* FirebaseAuth */ = {
			isa = XCSwiftPackageProductDependency;
			package = BDC4C3AA2BFED0900029127E /* XCRemoteSwiftPackageReference "firebase-ios-sdk" */;
			productName = FirebaseAuth;
		};
		BDC4C3B72BFED56D0029127E /* FirebaseFirestore */ = {
			isa = XCSwiftPackageProductDependency;
			package = BDC4C3AA2BFED0900029127E /* XCRemoteSwiftPackageReference "firebase-ios-sdk" */;
			productName = FirebaseFirestore;
		};
		BDC4C3B92BFED56D0029127E /* FirebaseFirestoreSwift */ = {
			isa = XCSwiftPackageProductDependency;
			package = BDC4C3AA2BFED0900029127E /* XCRemoteSwiftPackageReference "firebase-ios-sdk" */;
			productName = FirebaseFirestoreSwift;
		};
/* End XCSwiftPackageProductDependency section */
	};
	rootObject = BDC4C3742BFECF2B0029127E /* Project object */;
}
